
Microsoft Visual Studio Solution File, Format Version 12.00
# Visual Studio 15
VisualStudioVersion = 15.0.36001.139
MinimumVisualStudioVersion = 10.0.40219.1
Project("{8BC9CEB8-8B4A-11D0-8D11-00A0C91BC942}") = "WinAPI", "WinAPI\WinAPI.vcxproj", "{E8C64912-7EE4-423A-B027-DBFB1DDA0D37}"
EndProject
Project("{8BC9CEB8-8B4A-11D0-8D11-00A0C91BC942}") = "ComboBox", "ComboBox\ComboBox.vcxproj", "{5304D606-38E0-485B-8CA6-69A21C552574}"
EndProject
Project("{8BC9CEB8-8B4A-11D0-8D11-00A0C91BC942}") = "ListBox", "ListBox\ListBox.vcxproj", "{8A2382D6-86EC-4828-A739-219F5952A99A}"
EndProject
Project("{8BC9CEB8-8B4A-11D0-8D11-00A0C91BC942}") = "MainWindow", "MainWindow\MainWindow.vcxproj", "{8DBFD98C-21CD-4161-AE83-E9E8CA65B541}"
EndProject
Project("{8BC9CEB8-8B4A-11D0-8D11-00A0C91BC942}") = "Calculator", "Calculator\Calculator.vcxproj", "{121A75B4-8FF7-4CEE-8A18-83F97A3C5B71}"
EndProject
Project("{8BC9CEB8-8B4A-11D0-8D11-00A0C91BC942}") = "ASCII", "ASCII\ASCII.vcxproj", "{0F0FBA9E-FB9F-413E-ADDB-7BFDA882422E}"
EndProject
Project("{8BC9CEB8-8B4A-11D0-8D11-00A0C91BC942}") = "ResourceOnlyDLL", "ResourceOnlyDLL\ResourceOnlyDLL.vcxproj", "{687F8B2A-2D5C-4E85-B88C-2BED92D83C08}"
EndProject
Global
	GlobalSection(SolutionConfigurationPlatforms) = preSolution
		Debug|Any CPU = Debug|Any CPU
		Debug|x64 = Debug|x64
		Debug|x86 = Debug|x86
		Release|Any CPU = Release|Any CPU
		Release|x64 = Release|x64
		Release|x86 = Release|x86
	EndGlobalSection
	GlobalSection(ProjectConfigurationPlatforms) = postSolution
		{E8C64912-7EE4-423A-B027-DBFB1DDA0D37}.Debug|Any CPU.ActiveCfg = Debug|Win32
		{E8C64912-7EE4-423A-B027-DBFB1DDA0D37}.Debug|x64.ActiveCfg = Debug|x64
		{E8C64912-7EE4-423A-B027-DBFB1DDA0D37}.Debug|x64.Build.0 = Debug|x64
		{E8C64912-7EE4-423A-B027-DBFB1DDA0D37}.Debug|x86.ActiveCfg = Debug|Win32
		{E8C64912-7EE4-423A-B027-DBFB1DDA0D37}.Debug|x86.Build.0 = Debug|Win32
		{E8C64912-7EE4-423A-B027-DBFB1DDA0D37}.Release|Any CPU.ActiveCfg = Release|Win32
		{E8C64912-7EE4-423A-B027-DBFB1DDA0D37}.Release|x64.ActiveCfg = Release|x64
		{E8C64912-7EE4-423A-B027-DBFB1DDA0D37}.Release|x64.Build.0 = Release|x64
		{E8C64912-7EE4-423A-B027-DBFB1DDA0D37}.Release|x86.ActiveCfg = Release|Win32
		{E8C64912-7EE4-423A-B027-DBFB1DDA0D37}.Release|x86.Build.0 = Release|Win32
		{5304D606-38E0-485B-8CA6-69A21C552574}.Debug|Any CPU.ActiveCfg = Debug|Win32
		{5304D606-38E0-485B-8CA6-69A21C552574}.Debug|x64.ActiveCfg = Debug|x64
		{5304D606-38E0-485B-8CA6-69A21C552574}.Debug|x64.Build.0 = Debug|x64
		{5304D606-38E0-485B-8CA6-69A21C552574}.Debug|x86.ActiveCfg = Debug|Win32
		{5304D606-38E0-485B-8CA6-69A21C552574}.Debug|x86.Build.0 = Debug|Win32
		{5304D606-38E0-485B-8CA6-69A21C552574}.Release|Any CPU.ActiveCfg = Release|Win32
		{5304D606-38E0-485B-8CA6-69A21C552574}.Release|x64.ActiveCfg = Release|x64
		{5304D606-38E0-485B-8CA6-69A21C552574}.Release|x64.Build.0 = Release|x64
		{5304D606-38E0-485B-8CA6-69A21C552574}.Release|x86.ActiveCfg = Release|Win32
		{5304D606-38E0-485B-8CA6-69A21C552574}.Release|x86.Build.0 = Release|Win32
		{8A2382D6-86EC-4828-A739-219F5952A99A}.Debug|Any CPU.ActiveCfg = Debug|Win32
		{8A2382D6-86EC-4828-A739-219F5952A99A}.Debug|x64.ActiveCfg = Debug|x64
		{8A2382D6-86EC-4828-A739-219F5952A99A}.Debug|x64.Build.0 = Debug|x64
		{8A2382D6-86EC-4828-A739-219F5952A99A}.Debug|x86.ActiveCfg = Debug|Win32
		{8A2382D6-86EC-4828-A739-219F5952A99A}.Debug|x86.Build.0 = Debug|Win32
		{8A2382D6-86EC-4828-A739-219F5952A99A}.Release|Any CPU.ActiveCfg = Release|Win32
		{8A2382D6-86EC-4828-A739-219F5952A99A}.Release|x64.ActiveCfg = Release|x64
		{8A2382D6-86EC-4828-A739-219F5952A99A}.Release|x64.Build.0 = Release|x64
		{8A2382D6-86EC-4828-A739-219F5952A99A}.Release|x86.ActiveCfg = Release|Win32
		{8A2382D6-86EC-4828-A739-219F5952A99A}.Release|x86.Build.0 = Release|Win32
		{8DBFD98C-21CD-4161-AE83-E9E8CA65B541}.Debug|Any CPU.ActiveCfg = Debug|Win32
		{8DBFD98C-21CD-4161-AE83-E9E8CA65B541}.Debug|x64.ActiveCfg = Debug|x64
		{8DBFD98C-21CD-4161-AE83-E9E8CA65B541}.Debug|x64.Build.0 = Debug|x64
		{8DBFD98C-21CD-4161-AE83-E9E8CA65B541}.Debug|x86.ActiveCfg = Debug|Win32
		{8DBFD98C-21CD-4161-AE83-E9E8CA65B541}.Debug|x86.Build.0 = Debug|Win32
		{8DBFD98C-21CD-4161-AE83-E9E8CA65B541}.Release|Any CPU.ActiveCfg = Release|Win32
		{8DBFD98C-21CD-4161-AE83-E9E8CA65B541}.Release|x64.ActiveCfg = Release|x64
		{8DBFD98C-21CD-4161-AE83-E9E8CA65B541}.Release|x64.Build.0 = Release|x64
		{8DBFD98C-21CD-4161-AE83-E9E8CA65B541}.Release|x86.ActiveCfg = Release|Win32
		{8DBFD98C-21CD-4161-AE83-E9E8CA65B541}.Release|x86.Build.0 = Release|Win32
		{121A75B4-8FF7-4CEE-8A18-83F97A3C5B71}.Debug|Any CPU.ActiveCfg = Debug|Win32
		{121A75B4-8FF7-4CEE-8A18-83F97A3C5B71}.Debug|x64.ActiveCfg = Debug|x64
		{121A75B4-8FF7-4CEE-8A18-83F97A3C5B71}.Debug|x64.Build.0 = Debug|x64
		{121A75B4-8FF7-4CEE-8A18-83F97A3C5B71}.Debug|x86.ActiveCfg = Debug|Win32
		{121A75B4-8FF7-4CEE-8A18-83F97A3C5B71}.Debug|x86.Build.0 = Debug|Win32
		{121A75B4-8FF7-4CEE-8A18-83F97A3C5B71}.Release|Any CPU.ActiveCfg = Release|Win32
		{121A75B4-8FF7-4CEE-8A18-83F97A3C5B71}.Release|x64.ActiveCfg = Release|x64
		{121A75B4-8FF7-4CEE-8A18-83F97A3C5B71}.Release|x64.Build.0 = Release|x64
		{121A75B4-8FF7-4CEE-8A18-83F97A3C5B71}.Release|x86.ActiveCfg = Release|Win32
		{121A75B4-8FF7-4CEE-8A18-83F97A3C5B71}.Release|x86.Build.0 = Release|Win32
		{0F0FBA9E-FB9F-413E-ADDB-7BFDA882422E}.Debug|Any CPU.ActiveCfg = Debug|Win32
		{0F0FBA9E-FB9F-413E-ADDB-7BFDA882422E}.Debug|x64.ActiveCfg = Debug|x64
		{0F0FBA9E-FB9F-413E-ADDB-7BFDA882422E}.Debug|x64.Build.0 = Debug|x64
		{0F0FBA9E-FB9F-413E-ADDB-7BFDA882422E}.Debug|x86.ActiveCfg = Debug|Win32
		{0F0FBA9E-FB9F-413E-ADDB-7BFDA882422E}.Debug|x86.Build.0 = Debug|Win32
		{0F0FBA9E-FB9F-413E-ADDB-7BFDA882422E}.Release|Any CPU.ActiveCfg = Release|Win32
		{0F0FBA9E-FB9F-413E-ADDB-7BFDA882422E}.Release|x64.ActiveCfg = Release|x64
		{0F0FBA9E-FB9F-413E-ADDB-7BFDA882422E}.Release|x64.Build.0 = Release|x64
		{0F0FBA9E-FB9F-413E-ADDB-7BFDA882422E}.Release|x86.ActiveCfg = Release|Win32
		{0F0FBA9E-FB9F-413E-ADDB-7BFDA882422E}.Release|x86.Build.0 = Release|Win32
		{687F8B2A-2D5C-4E85-B88C-2BED92D83C08}.Debug|Any CPU.ActiveCfg = Debug|Win32
		{687F8B2A-2D5C-4E85-B88C-2BED92D83C08}.Debug|x64.ActiveCfg = Debug|x64
		{687F8B2A-2D5C-4E85-B88C-2BED92D83C08}.Debug|x64.Build.0 = Debug|x64
		{687F8B2A-2D5C-4E85-B88C-2BED92D83C08}.Debug|x86.ActiveCfg = Debug|Win32
		{687F8B2A-2D5C-4E85-B88C-2BED92D83C08}.Debug|x86.Build.0 = Debug|Win32
		{687F8B2A-2D5C-4E85-B88C-2BED92D83C08}.Release|Any CPU.ActiveCfg = Release|Win32
		{687F8B2A-2D5C-4E85-B88C-2BED92D83C08}.Release|x64.ActiveCfg = Release|x64
		{687F8B2A-2D5C-4E85-B88C-2BED92D83C08}.Release|x64.Build.0 = Release|x64
		{687F8B2A-2D5C-4E85-B88C-2BED92D83C08}.Release|x86.ActiveCfg = Release|Win32
		{687F8B2A-2D5C-4E85-B88C-2BED92D83C08}.Release|x86.Build.0 = Release|Win32
	EndGlobalSection
	GlobalSection(SolutionProperties) = preSolution
		HideSolutionNode = FALSE
	EndGlobalSection
	GlobalSection(ExtensibilityGlobals) = postSolution
		SolutionGuid = {04C4BEFF-D0D1-4022-AB7B-E98EE51013AB}
	EndGlobalSection
EndGlobal
